// !$*UTF8*$!
{
	archiveVersion = 1;
	classes = {
	};
	objectVersion = 56;
	objects = {

/* Begin PBXBuildFile section */
		AE8EF3052A6855C100C6D51C /* CharacterView.swift in Sources */ = {isa = PBXBuildFile; fileRef = AE8EF3042A6855C100C6D51C /* CharacterView.swift */; };
		AE8EF3072A68561300C6D51C /* CharacterMock.swift in Sources */ = {isa = PBXBuildFile; fileRef = AE8EF3062A68561300C6D51C /* CharacterMock.swift */; };
		AE8EF3092A68574D00C6D51C /* CharactersEndpoint.swift in Sources */ = {isa = PBXBuildFile; fileRef = AE8EF3082A68574D00C6D51C /* CharactersEndpoint.swift */; };
		AE8EF30D2A68661600C6D51C /* StatusView.swift in Sources */ = {isa = PBXBuildFile; fileRef = AE8EF30C2A68661600C6D51C /* StatusView.swift */; };
		AE8EF30F2A6873D100C6D51C /* PlaceholderImage.swift in Sources */ = {isa = PBXBuildFile; fileRef = AE8EF30E2A6873D100C6D51C /* PlaceholderImage.swift */; };
		AE8EF3112A69019D00C6D51C /* ErrorView.swift in Sources */ = {isa = PBXBuildFile; fileRef = AE8EF3102A69019D00C6D51C /* ErrorView.swift */; };
		AE8EF3132A69056500C6D51C /* FavoriteCharactersViewModel.swift in Sources */ = {isa = PBXBuildFile; fileRef = AE8EF3122A69056500C6D51C /* FavoriteCharactersViewModel.swift */; };
		AE8EF3162A691CB400C6D51C /* FavoriteCharactersStorage.swift in Sources */ = {isa = PBXBuildFile; fileRef = AE8EF3152A691CB400C6D51C /* FavoriteCharactersStorage.swift */; };
		AEBE02EF2A6592D1008DB71F /* RickAndMortyApp.swift in Sources */ = {isa = PBXBuildFile; fileRef = AEBE02EE2A6592D1008DB71F /* RickAndMortyApp.swift */; };
		AEBE02F32A6592D2008DB71F /* Assets.xcassets in Resources */ = {isa = PBXBuildFile; fileRef = AEBE02F22A6592D2008DB71F /* Assets.xcassets */; };
		AEBE02F62A6592D2008DB71F /* Preview Assets.xcassets in Resources */ = {isa = PBXBuildFile; fileRef = AEBE02F52A6592D2008DB71F /* Preview Assets.xcassets */; };
		AEBE03052A6592D2008DB71F /* RickAndMortyTests.swift in Sources */ = {isa = PBXBuildFile; fileRef = AEBE03042A6592D2008DB71F /* RickAndMortyTests.swift */; };
		AEBE030F2A6592D2008DB71F /* RickAndMortyUITests.swift in Sources */ = {isa = PBXBuildFile; fileRef = AEBE030E2A6592D2008DB71F /* RickAndMortyUITests.swift */; };
		AEBE03112A6592D2008DB71F /* RickAndMortyUITestsLaunchTests.swift in Sources */ = {isa = PBXBuildFile; fileRef = AEBE03102A6592D2008DB71F /* RickAndMortyUITestsLaunchTests.swift */; };
		AEBE03252A659376008DB71F /* CharacterDetailsScene.swift in Sources */ = {isa = PBXBuildFile; fileRef = AEBE03242A659376008DB71F /* CharacterDetailsScene.swift */; };
		AEBE03272A65937F008DB71F /* CharacterDetailsViewModel.swift in Sources */ = {isa = PBXBuildFile; fileRef = AEBE03262A65937F008DB71F /* CharacterDetailsViewModel.swift */; };
		AEBE03292A65938D008DB71F /* CharacterListScene.swift in Sources */ = {isa = PBXBuildFile; fileRef = AEBE03282A65938D008DB71F /* CharacterListScene.swift */; };
		AEBE032B2A65939A008DB71F /* CharacterListViewModel.swift in Sources */ = {isa = PBXBuildFile; fileRef = AEBE032A2A65939A008DB71F /* CharacterListViewModel.swift */; };
		AEBE032D2A6593D2008DB71F /* CharacterResponse.swift in Sources */ = {isa = PBXBuildFile; fileRef = AEBE032C2A6593D2008DB71F /* CharacterResponse.swift */; };
		AEBE032F2A6593F2008DB71F /* PaginatedResponse.swift in Sources */ = {isa = PBXBuildFile; fileRef = AEBE032E2A6593F2008DB71F /* PaginatedResponse.swift */; };
		AEBE03312A65959B008DB71F /* RequestService.swift in Sources */ = {isa = PBXBuildFile; fileRef = AEBE03302A65959B008DB71F /* RequestService.swift */; };
		AEBE03342A659DD6008DB71F /* Endpoint.swift in Sources */ = {isa = PBXBuildFile; fileRef = AEBE03332A659DD6008DB71F /* Endpoint.swift */; };
		AEBE03362A659DE6008DB71F /* PaginatedCharactersEndpoint.swift in Sources */ = {isa = PBXBuildFile; fileRef = AEBE03352A659DE6008DB71F /* PaginatedCharactersEndpoint.swift */; };
		AEBE03392A666F66008DB71F /* CharactersRepository.swift in Sources */ = {isa = PBXBuildFile; fileRef = AEBE03382A666F66008DB71F /* CharactersRepository.swift */; };
		AEBE033C2A667109008DB71F /* Character.swift in Sources */ = {isa = PBXBuildFile; fileRef = AEBE033B2A667109008DB71F /* Character.swift */; };
		AEBE033E2A667118008DB71F /* PaginatedData.swift in Sources */ = {isa = PBXBuildFile; fileRef = AEBE033D2A667118008DB71F /* PaginatedData.swift */; };
		AEBE03402A670353008DB71F /* FavoriteCharactersScene.swift in Sources */ = {isa = PBXBuildFile; fileRef = AEBE033F2A670353008DB71F /* FavoriteCharactersScene.swift */; };
/* End PBXBuildFile section */

/* Begin PBXContainerItemProxy section */
		AEBE03012A6592D2008DB71F /* PBXContainerItemProxy */ = {
			isa = PBXContainerItemProxy;
			containerPortal = AEBE02E32A6592D1008DB71F /* Project object */;
			proxyType = 1;
			remoteGlobalIDString = AEBE02EA2A6592D1008DB71F;
			remoteInfo = RickAndMorty;
		};
		AEBE030B2A6592D2008DB71F /* PBXContainerItemProxy */ = {
			isa = PBXContainerItemProxy;
			containerPortal = AEBE02E32A6592D1008DB71F /* Project object */;
			proxyType = 1;
			remoteGlobalIDString = AEBE02EA2A6592D1008DB71F;
			remoteInfo = RickAndMorty;
		};
/* End PBXContainerItemProxy section */

/* Begin PBXFileReference section */
		AE8EF3042A6855C100C6D51C /* CharacterView.swift */ = {isa = PBXFileReference; lastKnownFileType = sourcecode.swift; path = CharacterView.swift; sourceTree = "<group>"; };
		AE8EF3062A68561300C6D51C /* CharacterMock.swift */ = {isa = PBXFileReference; lastKnownFileType = sourcecode.swift; path = CharacterMock.swift; sourceTree = "<group>"; };
		AE8EF3082A68574D00C6D51C /* CharactersEndpoint.swift */ = {isa = PBXFileReference; lastKnownFileType = sourcecode.swift; path = CharactersEndpoint.swift; sourceTree = "<group>"; };
		AE8EF30C2A68661600C6D51C /* StatusView.swift */ = {isa = PBXFileReference; lastKnownFileType = sourcecode.swift; path = StatusView.swift; sourceTree = "<group>"; };
		AE8EF30E2A6873D100C6D51C /* PlaceholderImage.swift */ = {isa = PBXFileReference; lastKnownFileType = sourcecode.swift; path = PlaceholderImage.swift; sourceTree = "<group>"; };
		AE8EF3102A69019D00C6D51C /* ErrorView.swift */ = {isa = PBXFileReference; lastKnownFileType = sourcecode.swift; path = ErrorView.swift; sourceTree = "<group>"; };
		AE8EF3122A69056500C6D51C /* FavoriteCharactersViewModel.swift */ = {isa = PBXFileReference; lastKnownFileType = sourcecode.swift; path = FavoriteCharactersViewModel.swift; sourceTree = "<group>"; };
		AE8EF3152A691CB400C6D51C /* FavoriteCharactersStorage.swift */ = {isa = PBXFileReference; lastKnownFileType = sourcecode.swift; path = FavoriteCharactersStorage.swift; sourceTree = "<group>"; };
		AEBE02EB2A6592D1008DB71F /* RickAndMorty.app */ = {isa = PBXFileReference; explicitFileType = wrapper.application; includeInIndex = 0; path = RickAndMorty.app; sourceTree = BUILT_PRODUCTS_DIR; };
		AEBE02EE2A6592D1008DB71F /* RickAndMortyApp.swift */ = {isa = PBXFileReference; lastKnownFileType = sourcecode.swift; path = RickAndMortyApp.swift; sourceTree = "<group>"; };
		AEBE02F22A6592D2008DB71F /* Assets.xcassets */ = {isa = PBXFileReference; lastKnownFileType = folder.assetcatalog; path = Assets.xcassets; sourceTree = "<group>"; };
		AEBE02F52A6592D2008DB71F /* Preview Assets.xcassets */ = {isa = PBXFileReference; lastKnownFileType = folder.assetcatalog; path = "Preview Assets.xcassets"; sourceTree = "<group>"; };
		AEBE03002A6592D2008DB71F /* RickAndMortyTests.xctest */ = {isa = PBXFileReference; explicitFileType = wrapper.cfbundle; includeInIndex = 0; path = RickAndMortyTests.xctest; sourceTree = BUILT_PRODUCTS_DIR; };
		AEBE03042A6592D2008DB71F /* RickAndMortyTests.swift */ = {isa = PBXFileReference; lastKnownFileType = sourcecode.swift; path = RickAndMortyTests.swift; sourceTree = "<group>"; };
		AEBE030A2A6592D2008DB71F /* RickAndMortyUITests.xctest */ = {isa = PBXFileReference; explicitFileType = wrapper.cfbundle; includeInIndex = 0; path = RickAndMortyUITests.xctest; sourceTree = BUILT_PRODUCTS_DIR; };
		AEBE030E2A6592D2008DB71F /* RickAndMortyUITests.swift */ = {isa = PBXFileReference; lastKnownFileType = sourcecode.swift; path = RickAndMortyUITests.swift; sourceTree = "<group>"; };
		AEBE03102A6592D2008DB71F /* RickAndMortyUITestsLaunchTests.swift */ = {isa = PBXFileReference; lastKnownFileType = sourcecode.swift; path = RickAndMortyUITestsLaunchTests.swift; sourceTree = "<group>"; };
		AEBE03242A659376008DB71F /* CharacterDetailsScene.swift */ = {isa = PBXFileReference; lastKnownFileType = sourcecode.swift; path = CharacterDetailsScene.swift; sourceTree = "<group>"; };
		AEBE03262A65937F008DB71F /* CharacterDetailsViewModel.swift */ = {isa = PBXFileReference; lastKnownFileType = sourcecode.swift; path = CharacterDetailsViewModel.swift; sourceTree = "<group>"; };
		AEBE03282A65938D008DB71F /* CharacterListScene.swift */ = {isa = PBXFileReference; lastKnownFileType = sourcecode.swift; path = CharacterListScene.swift; sourceTree = "<group>"; };
		AEBE032A2A65939A008DB71F /* CharacterListViewModel.swift */ = {isa = PBXFileReference; lastKnownFileType = sourcecode.swift; path = CharacterListViewModel.swift; sourceTree = "<group>"; };
		AEBE032C2A6593D2008DB71F /* CharacterResponse.swift */ = {isa = PBXFileReference; lastKnownFileType = sourcecode.swift; path = CharacterResponse.swift; sourceTree = "<group>"; };
		AEBE032E2A6593F2008DB71F /* PaginatedResponse.swift */ = {isa = PBXFileReference; lastKnownFileType = sourcecode.swift; path = PaginatedResponse.swift; sourceTree = "<group>"; };
		AEBE03302A65959B008DB71F /* RequestService.swift */ = {isa = PBXFileReference; lastKnownFileType = sourcecode.swift; path = RequestService.swift; sourceTree = "<group>"; };
		AEBE03332A659DD6008DB71F /* Endpoint.swift */ = {isa = PBXFileReference; lastKnownFileType = sourcecode.swift; path = Endpoint.swift; sourceTree = "<group>"; };
		AEBE03352A659DE6008DB71F /* PaginatedCharactersEndpoint.swift */ = {isa = PBXFileReference; lastKnownFileType = sourcecode.swift; path = PaginatedCharactersEndpoint.swift; sourceTree = "<group>"; };
		AEBE03382A666F66008DB71F /* CharactersRepository.swift */ = {isa = PBXFileReference; lastKnownFileType = sourcecode.swift; path = CharactersRepository.swift; sourceTree = "<group>"; };
		AEBE033B2A667109008DB71F /* Character.swift */ = {isa = PBXFileReference; lastKnownFileType = sourcecode.swift; path = Character.swift; sourceTree = "<group>"; };
		AEBE033D2A667118008DB71F /* PaginatedData.swift */ = {isa = PBXFileReference; lastKnownFileType = sourcecode.swift; path = PaginatedData.swift; sourceTree = "<group>"; };
		AEBE033F2A670353008DB71F /* FavoriteCharactersScene.swift */ = {isa = PBXFileReference; lastKnownFileType = sourcecode.swift; path = FavoriteCharactersScene.swift; sourceTree = "<group>"; };
/* End PBXFileReference section */

/* Begin PBXFrameworksBuildPhase section */
		AEBE02E82A6592D1008DB71F /* Frameworks */ = {
			isa = PBXFrameworksBuildPhase;
			buildActionMask = 2147483647;
			files = (
			);
			runOnlyForDeploymentPostprocessing = 0;
		};
		AEBE02FD2A6592D2008DB71F /* Frameworks */ = {
			isa = PBXFrameworksBuildPhase;
			buildActionMask = 2147483647;
			files = (
			);
			runOnlyForDeploymentPostprocessing = 0;
		};
		AEBE03072A6592D2008DB71F /* Frameworks */ = {
			isa = PBXFrameworksBuildPhase;
			buildActionMask = 2147483647;
			files = (
			);
			runOnlyForDeploymentPostprocessing = 0;
		};
/* End PBXFrameworksBuildPhase section */

/* Begin PBXGroup section */
		AE8EF3032A6855BA00C6D51C /* Views */ = {
			isa = PBXGroup;
			children = (
				AE8EF3042A6855C100C6D51C /* CharacterView.swift */,
				AE8EF30C2A68661600C6D51C /* StatusView.swift */,
				AE8EF30E2A6873D100C6D51C /* PlaceholderImage.swift */,
				AE8EF3102A69019D00C6D51C /* ErrorView.swift */,
			);
			path = Views;
			sourceTree = "<group>";
		};
		AE8EF3142A691CAD00C6D51C /* Common */ = {
			isa = PBXGroup;
			children = (
				AE8EF3152A691CB400C6D51C /* FavoriteCharactersStorage.swift */,
			);
			path = Common;
			sourceTree = "<group>";
		};
		AEBE02E22A6592D1008DB71F = {
			isa = PBXGroup;
			children = (
				AEBE02ED2A6592D1008DB71F /* RickAndMorty */,
				AEBE03032A6592D2008DB71F /* RickAndMortyTests */,
				AEBE030D2A6592D2008DB71F /* RickAndMortyUITests */,
				AEBE02EC2A6592D1008DB71F /* Products */,
			);
			sourceTree = "<group>";
		};
		AEBE02EC2A6592D1008DB71F /* Products */ = {
			isa = PBXGroup;
			children = (
				AEBE02EB2A6592D1008DB71F /* RickAndMorty.app */,
				AEBE03002A6592D2008DB71F /* RickAndMortyTests.xctest */,
				AEBE030A2A6592D2008DB71F /* RickAndMortyUITests.xctest */,
			);
			name = Products;
			sourceTree = "<group>";
		};
		AEBE02ED2A6592D1008DB71F /* RickAndMorty */ = {
			isa = PBXGroup;
			children = (
				AE8EF3142A691CAD00C6D51C /* Common */,
				AEBE03372A666F57008DB71F /* Repositories */,
				AEBE03202A659302008DB71F /* Scenes */,
				AEBE031D2A6592DE008DB71F /* Networking */,
				AEBE02EE2A6592D1008DB71F /* RickAndMortyApp.swift */,
				AEBE02F22A6592D2008DB71F /* Assets.xcassets */,
				AEBE02F42A6592D2008DB71F /* Preview Content */,
			);
			path = RickAndMorty;
			sourceTree = "<group>";
		};
		AEBE02F42A6592D2008DB71F /* Preview Content */ = {
			isa = PBXGroup;
			children = (
				AEBE02F52A6592D2008DB71F /* Preview Assets.xcassets */,
				AE8EF3062A68561300C6D51C /* CharacterMock.swift */,
			);
			path = "Preview Content";
			sourceTree = "<group>";
		};
		AEBE03032A6592D2008DB71F /* RickAndMortyTests */ = {
			isa = PBXGroup;
			children = (
				AEBE03042A6592D2008DB71F /* RickAndMortyTests.swift */,
			);
			path = RickAndMortyTests;
			sourceTree = "<group>";
		};
		AEBE030D2A6592D2008DB71F /* RickAndMortyUITests */ = {
			isa = PBXGroup;
			children = (
				AEBE030E2A6592D2008DB71F /* RickAndMortyUITests.swift */,
				AEBE03102A6592D2008DB71F /* RickAndMortyUITestsLaunchTests.swift */,
			);
			path = RickAndMortyUITests;
			sourceTree = "<group>";
		};
		AEBE031D2A6592DE008DB71F /* Networking */ = {
			isa = PBXGroup;
			children = (
				AEBE03322A659D66008DB71F /* Endpoints */,
				AEBE031F2A6592F5008DB71F /* Serivces */,
				AEBE031E2A6592EE008DB71F /* Models */,
			);
			path = Networking;
			sourceTree = "<group>";
		};
		AEBE031E2A6592EE008DB71F /* Models */ = {
			isa = PBXGroup;
			children = (
				AEBE032C2A6593D2008DB71F /* CharacterResponse.swift */,
				AEBE032E2A6593F2008DB71F /* PaginatedResponse.swift */,
			);
			path = Models;
			sourceTree = "<group>";
		};
		AEBE031F2A6592F5008DB71F /* Serivces */ = {
			isa = PBXGroup;
			children = (
				AEBE03302A65959B008DB71F /* RequestService.swift */,
			);
			path = Serivces;
			sourceTree = "<group>";
		};
		AEBE03202A659302008DB71F /* Scenes */ = {
			isa = PBXGroup;
			children = (
				AE8EF3032A6855BA00C6D51C /* Views */,
				AEBE03232A659323008DB71F /* FavoriteCharacters */,
				AEBE03222A65931B008DB71F /* CharacterDetails */,
				AEBE03212A65930D008DB71F /* CharacterList */,
			);
			path = Scenes;
			sourceTree = "<group>";
		};
		AEBE03212A65930D008DB71F /* CharacterList */ = {
			isa = PBXGroup;
			children = (
				AEBE03282A65938D008DB71F /* CharacterListScene.swift */,
				AEBE032A2A65939A008DB71F /* CharacterListViewModel.swift */,
			);
			path = CharacterList;
			sourceTree = "<group>";
		};
		AEBE03222A65931B008DB71F /* CharacterDetails */ = {
			isa = PBXGroup;
			children = (
				AEBE03242A659376008DB71F /* CharacterDetailsScene.swift */,
				AEBE03262A65937F008DB71F /* CharacterDetailsViewModel.swift */,
			);
			path = CharacterDetails;
			sourceTree = "<group>";
		};
		AEBE03232A659323008DB71F /* FavoriteCharacters */ = {
			isa = PBXGroup;
			children = (
				AEBE033F2A670353008DB71F /* FavoriteCharactersScene.swift */,
				AE8EF3122A69056500C6D51C /* FavoriteCharactersViewModel.swift */,
			);
			path = FavoriteCharacters;
			sourceTree = "<group>";
		};
		AEBE03322A659D66008DB71F /* Endpoints */ = {
			isa = PBXGroup;
			children = (
				AEBE03332A659DD6008DB71F /* Endpoint.swift */,
				AEBE03352A659DE6008DB71F /* PaginatedCharactersEndpoint.swift */,
				AE8EF3082A68574D00C6D51C /* CharactersEndpoint.swift */,
			);
			path = Endpoints;
			sourceTree = "<group>";
		};
		AEBE03372A666F57008DB71F /* Repositories */ = {
			isa = PBXGroup;
			children = (
				AEBE033A2A667101008DB71F /* Models */,
				AEBE03382A666F66008DB71F /* CharactersRepository.swift */,
			);
			path = Repositories;
			sourceTree = "<group>";
		};
		AEBE033A2A667101008DB71F /* Models */ = {
			isa = PBXGroup;
			children = (
				AEBE033B2A667109008DB71F /* Character.swift */,
				AEBE033D2A667118008DB71F /* PaginatedData.swift */,
			);
			path = Models;
			sourceTree = "<group>";
		};
/* End PBXGroup section */

/* Begin PBXNativeTarget section */
		AEBE02EA2A6592D1008DB71F /* RickAndMorty */ = {
			isa = PBXNativeTarget;
			buildConfigurationList = AEBE03142A6592D2008DB71F /* Build configuration list for PBXNativeTarget "RickAndMorty" */;
			buildPhases = (
				AEBE02E72A6592D1008DB71F /* Sources */,
				AEBE02E82A6592D1008DB71F /* Frameworks */,
				AEBE02E92A6592D1008DB71F /* Resources */,
			);
			buildRules = (
			);
			dependencies = (
			);
			name = RickAndMorty;
			productName = RickAndMorty;
			productReference = AEBE02EB2A6592D1008DB71F /* RickAndMorty.app */;
			productType = "com.apple.product-type.application";
		};
		AEBE02FF2A6592D2008DB71F /* RickAndMortyTests */ = {
			isa = PBXNativeTarget;
			buildConfigurationList = AEBE03172A6592D2008DB71F /* Build configuration list for PBXNativeTarget "RickAndMortyTests" */;
			buildPhases = (
				AEBE02FC2A6592D2008DB71F /* Sources */,
				AEBE02FD2A6592D2008DB71F /* Frameworks */,
				AEBE02FE2A6592D2008DB71F /* Resources */,
			);
			buildRules = (
			);
			dependencies = (
				AEBE03022A6592D2008DB71F /* PBXTargetDependency */,
			);
			name = RickAndMortyTests;
			productName = RickAndMortyTests;
			productReference = AEBE03002A6592D2008DB71F /* RickAndMortyTests.xctest */;
			productType = "com.apple.product-type.bundle.unit-test";
		};
		AEBE03092A6592D2008DB71F /* RickAndMortyUITests */ = {
			isa = PBXNativeTarget;
			buildConfigurationList = AEBE031A2A6592D2008DB71F /* Build configuration list for PBXNativeTarget "RickAndMortyUITests" */;
			buildPhases = (
				AEBE03062A6592D2008DB71F /* Sources */,
				AEBE03072A6592D2008DB71F /* Frameworks */,
				AEBE03082A6592D2008DB71F /* Resources */,
			);
			buildRules = (
			);
			dependencies = (
				AEBE030C2A6592D2008DB71F /* PBXTargetDependency */,
			);
			name = RickAndMortyUITests;
			productName = RickAndMortyUITests;
			productReference = AEBE030A2A6592D2008DB71F /* RickAndMortyUITests.xctest */;
			productType = "com.apple.product-type.bundle.ui-testing";
		};
/* End PBXNativeTarget section */

/* Begin PBXProject section */
		AEBE02E32A6592D1008DB71F /* Project object */ = {
			isa = PBXProject;
			attributes = {
				BuildIndependentTargetsInParallel = 1;
				LastSwiftUpdateCheck = 1430;
				LastUpgradeCheck = 1430;
				TargetAttributes = {
					AEBE02EA2A6592D1008DB71F = {
						CreatedOnToolsVersion = 14.3.1;
					};
					AEBE02FF2A6592D2008DB71F = {
						CreatedOnToolsVersion = 14.3.1;
						TestTargetID = AEBE02EA2A6592D1008DB71F;
					};
					AEBE03092A6592D2008DB71F = {
						CreatedOnToolsVersion = 14.3.1;
						TestTargetID = AEBE02EA2A6592D1008DB71F;
					};
				};
			};
			buildConfigurationList = AEBE02E62A6592D1008DB71F /* Build configuration list for PBXProject "RickAndMorty" */;
			compatibilityVersion = "Xcode 14.0";
			developmentRegion = en;
			hasScannedForEncodings = 0;
			knownRegions = (
				en,
				Base,
			);
			mainGroup = AEBE02E22A6592D1008DB71F;
			productRefGroup = AEBE02EC2A6592D1008DB71F /* Products */;
			projectDirPath = "";
			projectRoot = "";
			targets = (
				AEBE02EA2A6592D1008DB71F /* RickAndMorty */,
				AEBE02FF2A6592D2008DB71F /* RickAndMortyTests */,
				AEBE03092A6592D2008DB71F /* RickAndMortyUITests */,
			);
		};
/* End PBXProject section */

/* Begin PBXResourcesBuildPhase section */
		AEBE02E92A6592D1008DB71F /* Resources */ = {
			isa = PBXResourcesBuildPhase;
			buildActionMask = 2147483647;
			files = (
				AEBE02F62A6592D2008DB71F /* Preview Assets.xcassets in Resources */,
				AEBE02F32A6592D2008DB71F /* Assets.xcassets in Resources */,
			);
			runOnlyForDeploymentPostprocessing = 0;
		};
		AEBE02FE2A6592D2008DB71F /* Resources */ = {
			isa = PBXResourcesBuildPhase;
			buildActionMask = 2147483647;
			files = (
			);
			runOnlyForDeploymentPostprocessing = 0;
		};
		AEBE03082A6592D2008DB71F /* Resources */ = {
			isa = PBXResourcesBuildPhase;
			buildActionMask = 2147483647;
			files = (
			);
			runOnlyForDeploymentPostprocessing = 0;
		};
/* End PBXResourcesBuildPhase section */

/* Begin PBXSourcesBuildPhase section */
		AEBE02E72A6592D1008DB71F /* Sources */ = {
			isa = PBXSourcesBuildPhase;
			buildActionMask = 2147483647;
			files = (
				AEBE03362A659DE6008DB71F /* PaginatedCharactersEndpoint.swift in Sources */,
				AEBE03292A65938D008DB71F /* CharacterListScene.swift in Sources */,
				AEBE03402A670353008DB71F /* FavoriteCharactersScene.swift in Sources */,
				AEBE03312A65959B008DB71F /* RequestService.swift in Sources */,
				AE8EF3052A6855C100C6D51C /* CharacterView.swift in Sources */,
				AEBE033E2A667118008DB71F /* PaginatedData.swift in Sources */,
				AE8EF3132A69056500C6D51C /* FavoriteCharactersViewModel.swift in Sources */,
				AE8EF3112A69019D00C6D51C /* ErrorView.swift in Sources */,
				AEBE03252A659376008DB71F /* CharacterDetailsScene.swift in Sources */,
				AEBE032F2A6593F2008DB71F /* PaginatedResponse.swift in Sources */,
				AEBE032B2A65939A008DB71F /* CharacterListViewModel.swift in Sources */,
				AE8EF30D2A68661600C6D51C /* StatusView.swift in Sources */,
				AEBE032D2A6593D2008DB71F /* CharacterResponse.swift in Sources */,
				AE8EF3092A68574D00C6D51C /* CharactersEndpoint.swift in Sources */,
				AEBE03392A666F66008DB71F /* CharactersRepository.swift in Sources */,
				AEBE02EF2A6592D1008DB71F /* RickAndMortyApp.swift in Sources */,
				AE8EF30F2A6873D100C6D51C /* PlaceholderImage.swift in Sources */,
				AEBE033C2A667109008DB71F /* Character.swift in Sources */,
				AE8EF3072A68561300C6D51C /* CharacterMock.swift in Sources */,
				AEBE03342A659DD6008DB71F /* Endpoint.swift in Sources */,
				AEBE03272A65937F008DB71F /* CharacterDetailsViewModel.swift in Sources */,
				AE8EF3162A691CB400C6D51C /* FavoriteCharactersStorage.swift in Sources */,
			);
			runOnlyForDeploymentPostprocessing = 0;
		};
		AEBE02FC2A6592D2008DB71F /* Sources */ = {
			isa = PBXSourcesBuildPhase;
			buildActionMask = 2147483647;
			files = (
				AEBE03052A6592D2008DB71F /* RickAndMortyTests.swift in Sources */,
			);
			runOnlyForDeploymentPostprocessing = 0;
		};
		AEBE03062A6592D2008DB71F /* Sources */ = {
			isa = PBXSourcesBuildPhase;
			buildActionMask = 2147483647;
			files = (
				AEBE030F2A6592D2008DB71F /* RickAndMortyUITests.swift in Sources */,
				AEBE03112A6592D2008DB71F /* RickAndMortyUITestsLaunchTests.swift in Sources */,
			);
			runOnlyForDeploymentPostprocessing = 0;
		};
/* End PBXSourcesBuildPhase section */

/* Begin PBXTargetDependency section */
		AEBE03022A6592D2008DB71F /* PBXTargetDependency */ = {
			isa = PBXTargetDependency;
			target = AEBE02EA2A6592D1008DB71F /* RickAndMorty */;
			targetProxy = AEBE03012A6592D2008DB71F /* PBXContainerItemProxy */;
		};
		AEBE030C2A6592D2008DB71F /* PBXTargetDependency */ = {
			isa = PBXTargetDependency;
			target = AEBE02EA2A6592D1008DB71F /* RickAndMorty */;
			targetProxy = AEBE030B2A6592D2008DB71F /* PBXContainerItemProxy */;
		};
/* End PBXTargetDependency section */

/* Begin XCBuildConfiguration section */
		AEBE03122A6592D2008DB71F /* Debug */ = {
			isa = XCBuildConfiguration;
			buildSettings = {
				ALWAYS_SEARCH_USER_PATHS = NO;
				CLANG_ANALYZER_NONNULL = YES;
				CLANG_ANALYZER_NUMBER_OBJECT_CONVERSION = YES_AGGRESSIVE;
				CLANG_CXX_LANGUAGE_STANDARD = "gnu++20";
				CLANG_ENABLE_MODULES = YES;
				CLANG_ENABLE_OBJC_ARC = YES;
				CLANG_ENABLE_OBJC_WEAK = YES;
				CLANG_WARN_BLOCK_CAPTURE_AUTORELEASING = YES;
				CLANG_WARN_BOOL_CONVERSION = YES;
				CLANG_WARN_COMMA = YES;
				CLANG_WARN_CONSTANT_CONVERSION = YES;
				CLANG_WARN_DEPRECATED_OBJC_IMPLEMENTATIONS = YES;
				CLANG_WARN_DIRECT_OBJC_ISA_USAGE = YES_ERROR;
				CLANG_WARN_DOCUMENTATION_COMMENTS = YES;
				CLANG_WARN_EMPTY_BODY = YES;
				CLANG_WARN_ENUM_CONVERSION = YES;
				CLANG_WARN_INFINITE_RECURSION = YES;
				CLANG_WARN_INT_CONVERSION = YES;
				CLANG_WARN_NON_LITERAL_NULL_CONVERSION = YES;
				CLANG_WARN_OBJC_IMPLICIT_RETAIN_SELF = YES;
				CLANG_WARN_OBJC_LITERAL_CONVERSION = YES;
				CLANG_WARN_OBJC_ROOT_CLASS = YES_ERROR;
				CLANG_WARN_QUOTED_INCLUDE_IN_FRAMEWORK_HEADER = YES;
				CLANG_WARN_RANGE_LOOP_ANALYSIS = YES;
				CLANG_WARN_STRICT_PROTOTYPES = YES;
				CLANG_WARN_SUSPICIOUS_MOVE = YES;
				CLANG_WARN_UNGUARDED_AVAILABILITY = YES_AGGRESSIVE;
				CLANG_WARN_UNREACHABLE_CODE = YES;
				CLANG_WARN__DUPLICATE_METHOD_MATCH = YES;
				COPY_PHASE_STRIP = NO;
				DEBUG_INFORMATION_FORMAT = dwarf;
				ENABLE_STRICT_OBJC_MSGSEND = YES;
				ENABLE_TESTABILITY = YES;
				GCC_C_LANGUAGE_STANDARD = gnu11;
				GCC_DYNAMIC_NO_PIC = NO;
				GCC_NO_COMMON_BLOCKS = YES;
				GCC_OPTIMIZATION_LEVEL = 0;
				GCC_PREPROCESSOR_DEFINITIONS = (
					"DEBUG=1",
					"$(inherited)",
				);
				GCC_WARN_64_TO_32_BIT_CONVERSION = YES;
				GCC_WARN_ABOUT_RETURN_TYPE = YES_ERROR;
				GCC_WARN_UNDECLARED_SELECTOR = YES;
				GCC_WARN_UNINITIALIZED_AUTOS = YES_AGGRESSIVE;
				GCC_WARN_UNUSED_FUNCTION = YES;
				GCC_WARN_UNUSED_VARIABLE = YES;
				IPHONEOS_DEPLOYMENT_TARGET = 16.4;
				MTL_ENABLE_DEBUG_INFO = INCLUDE_SOURCE;
				MTL_FAST_MATH = YES;
				ONLY_ACTIVE_ARCH = YES;
				SDKROOT = iphoneos;
				SWIFT_ACTIVE_COMPILATION_CONDITIONS = DEBUG;
				SWIFT_OPTIMIZATION_LEVEL = "-Onone";
			};
			name = Debug;
		};
		AEBE03132A6592D2008DB71F /* Release */ = {
			isa = XCBuildConfiguration;
			buildSettings = {
				ALWAYS_SEARCH_USER_PATHS = NO;
				CLANG_ANALYZER_NONNULL = YES;
				CLANG_ANALYZER_NUMBER_OBJECT_CONVERSION = YES_AGGRESSIVE;
				CLANG_CXX_LANGUAGE_STANDARD = "gnu++20";
				CLANG_ENABLE_MODULES = YES;
				CLANG_ENABLE_OBJC_ARC = YES;
				CLANG_ENABLE_OBJC_WEAK = YES;
				CLANG_WARN_BLOCK_CAPTURE_AUTORELEASING = YES;
				CLANG_WARN_BOOL_CONVERSION = YES;
				CLANG_WARN_COMMA = YES;
				CLANG_WARN_CONSTANT_CONVERSION = YES;
				CLANG_WARN_DEPRECATED_OBJC_IMPLEMENTATIONS = YES;
				CLANG_WARN_DIRECT_OBJC_ISA_USAGE = YES_ERROR;
				CLANG_WARN_DOCUMENTATION_COMMENTS = YES;
				CLANG_WARN_EMPTY_BODY = YES;
				CLANG_WARN_ENUM_CONVERSION = YES;
				CLANG_WARN_INFINITE_RECURSION = YES;
				CLANG_WARN_INT_CONVERSION = YES;
				CLANG_WARN_NON_LITERAL_NULL_CONVERSION = YES;
				CLANG_WARN_OBJC_IMPLICIT_RETAIN_SELF = YES;
				CLANG_WARN_OBJC_LITERAL_CONVERSION = YES;
				CLANG_WARN_OBJC_ROOT_CLASS = YES_ERROR;
				CLANG_WARN_QUOTED_INCLUDE_IN_FRAMEWORK_HEADER = YES;
				CLANG_WARN_RANGE_LOOP_ANALYSIS = YES;
				CLANG_WARN_STRICT_PROTOTYPES = YES;
				CLANG_WARN_SUSPICIOUS_MOVE = YES;
				CLANG_WARN_UNGUARDED_AVAILABILITY = YES_AGGRESSIVE;
				CLANG_WARN_UNREACHABLE_CODE = YES;
				CLANG_WARN__DUPLICATE_METHOD_MATCH = YES;
				COPY_PHASE_STRIP = NO;
				DEBUG_INFORMATION_FORMAT = "dwarf-with-dsym";
				ENABLE_NS_ASSERTIONS = NO;
				ENABLE_STRICT_OBJC_MSGSEND = YES;
				GCC_C_LANGUAGE_STANDARD = gnu11;
				GCC_NO_COMMON_BLOCKS = YES;
				GCC_WARN_64_TO_32_BIT_CONVERSION = YES;
				GCC_WARN_ABOUT_RETURN_TYPE = YES_ERROR;
				GCC_WARN_UNDECLARED_SELECTOR = YES;
				GCC_WARN_UNINITIALIZED_AUTOS = YES_AGGRESSIVE;
				GCC_WARN_UNUSED_FUNCTION = YES;
				GCC_WARN_UNUSED_VARIABLE = YES;
				IPHONEOS_DEPLOYMENT_TARGET = 16.4;
				MTL_ENABLE_DEBUG_INFO = NO;
				MTL_FAST_MATH = YES;
				SDKROOT = iphoneos;
				SWIFT_COMPILATION_MODE = wholemodule;
				SWIFT_OPTIMIZATION_LEVEL = "-O";
				VALIDATE_PRODUCT = YES;
			};
			name = Release;
		};
		AEBE03152A6592D2008DB71F /* Debug */ = {
			isa = XCBuildConfiguration;
			buildSettings = {
				ASSETCATALOG_COMPILER_APPICON_NAME = AppIcon;
				ASSETCATALOG_COMPILER_GLOBAL_ACCENT_COLOR_NAME = AccentColor;
				CODE_SIGN_STYLE = Automatic;
				CURRENT_PROJECT_VERSION = 1;
				DEVELOPMENT_ASSET_PATHS = "\"RickAndMorty/Preview Content\"";
				DEVELOPMENT_TEAM = Z5V8K8TU6C;
				ENABLE_PREVIEWS = YES;
				GENERATE_INFOPLIST_FILE = YES;
				INFOPLIST_KEY_UIApplicationSceneManifest_Generation = YES;
				INFOPLIST_KEY_UIApplicationSupportsIndirectInputEvents = YES;
				INFOPLIST_KEY_UILaunchScreen_Generation = YES;
				INFOPLIST_KEY_UISupportedInterfaceOrientations_iPad = "UIInterfaceOrientationPortrait UIInterfaceOrientationPortraitUpsideDown UIInterfaceOrientationLandscapeLeft UIInterfaceOrientationLandscapeRight";
				INFOPLIST_KEY_UISupportedInterfaceOrientations_iPhone = "UIInterfaceOrientationPortrait UIInterfaceOrientationLandscapeLeft UIInterfaceOrientationLandscapeRight";
				LD_RUNPATH_SEARCH_PATHS = (
					"$(inherited)",
					"@executable_path/Frameworks",
				);
				MARKETING_VERSION = 1.0;
				PRODUCT_BUNDLE_IDENTIFIER = private.RickAndMorty;
				PRODUCT_NAME = "$(TARGET_NAME)";
				SWIFT_EMIT_LOC_STRINGS = YES;
				SWIFT_VERSION = 5.0;
				TARGETED_DEVICE_FAMILY = "1,2";
			};
			name = Debug;
		};
		AEBE03162A6592D2008DB71F /* Release */ = {
			isa = XCBuildConfiguration;
			buildSettings = {
				ASSETCATALOG_COMPILER_APPICON_NAME = AppIcon;
				ASSETCATALOG_COMPILER_GLOBAL_ACCENT_COLOR_NAME = AccentColor;
				CODE_SIGN_STYLE = Automatic;
				CURRENT_PROJECT_VERSION = 1;
				DEVELOPMENT_ASSET_PATHS = "\"RickAndMorty/Preview Content\"";
				DEVELOPMENT_TEAM = Z5V8K8TU6C;
				ENABLE_PREVIEWS = YES;
				GENERATE_INFOPLIST_FILE = YES;
				INFOPLIST_KEY_UIApplicationSceneManifest_Generation = YES;
				INFOPLIST_KEY_UIApplicationSupportsIndirectInputEvents = YES;
				INFOPLIST_KEY_UILaunchScreen_Generation = YES;
				INFOPLIST_KEY_UISupportedInterfaceOrientations_iPad = "UIInterfaceOrientationPortrait UIInterfaceOrientationPortraitUpsideDown UIInterfaceOrientationLandscapeLeft UIInterfaceOrientationLandscapeRight";
				INFOPLIST_KEY_UISupportedInterfaceOrientations_iPhone = "UIInterfaceOrientationPortrait UIInterfaceOrientationLandscapeLeft UIInterfaceOrientationLandscapeRight";
				LD_RUNPATH_SEARCH_PATHS = (
					"$(inherited)",
					"@executable_path/Frameworks",
				);
				MARKETING_VERSION = 1.0;
				PRODUCT_BUNDLE_IDENTIFIER = private.RickAndMorty;
				PRODUCT_NAME = "$(TARGET_NAME)";
				SWIFT_EMIT_LOC_STRINGS = YES;
				SWIFT_VERSION = 5.0;
				TARGETED_DEVICE_FAMILY = "1,2";
			};
			name = Release;
		};
		AEBE03182A6592D2008DB71F /* Debug */ = {
			isa = XCBuildConfiguration;
			buildSettings = {
				ALWAYS_EMBED_SWIFT_STANDARD_LIBRARIES = YES;
				BUNDLE_LOADER = "$(TEST_HOST)";
				CODE_SIGN_STYLE = Automatic;
				CURRENT_PROJECT_VERSION = 1;
				DEVELOPMENT_TEAM = Z5V8K8TU6C;
				GENERATE_INFOPLIST_FILE = YES;
				IPHONEOS_DEPLOYMENT_TARGET = 16.4;
				MARKETING_VERSION = 1.0;
				PRODUCT_BUNDLE_IDENTIFIER = private.RickAndMortyTests;
				PRODUCT_NAME = "$(TARGET_NAME)";
				SWIFT_EMIT_LOC_STRINGS = NO;
				SWIFT_VERSION = 5.0;
				TARGETED_DEVICE_FAMILY = "1,2";
				TEST_HOST = "$(BUILT_PRODUCTS_DIR)/RickAndMorty.app/$(BUNDLE_EXECUTABLE_FOLDER_PATH)/RickAndMorty";
			};
			name = Debug;
		};
		AEBE03192A6592D2008DB71F /* Release */ = {
			isa = XCBuildConfiguration;
			buildSettings = {
				ALWAYS_EMBED_SWIFT_STANDARD_LIBRARIES = YES;
				BUNDLE_LOADER = "$(TEST_HOST)";
				CODE_SIGN_STYLE = Automatic;
				CURRENT_PROJECT_VERSION = 1;
				DEVELOPMENT_TEAM = Z5V8K8TU6C;
				GENERATE_INFOPLIST_FILE = YES;
				IPHONEOS_DEPLOYMENT_TARGET = 16.4;
				MARKETING_VERSION = 1.0;
				PRODUCT_BUNDLE_IDENTIFIER = private.RickAndMortyTests;
				PRODUCT_NAME = "$(TARGET_NAME)";
				SWIFT_EMIT_LOC_STRINGS = NO;
				SWIFT_VERSION = 5.0;
				TARGETED_DEVICE_FAMILY = "1,2";
				TEST_HOST = "$(BUILT_PRODUCTS_DIR)/RickAndMorty.app/$(BUNDLE_EXECUTABLE_FOLDER_PATH)/RickAndMorty";
			};
			name = Release;
		};
		AEBE031B2A6592D2008DB71F /* Debug */ = {
			isa = XCBuildConfiguration;
			buildSettings = {
				ALWAYS_EMBED_SWIFT_STANDARD_LIBRARIES = YES;
				CODE_SIGN_STYLE = Automatic;
				CURRENT_PROJECT_VERSION = 1;
				DEVELOPMENT_TEAM = Z5V8K8TU6C;
				GENERATE_INFOPLIST_FILE = YES;
				MARKETING_VERSION = 1.0;
				PRODUCT_BUNDLE_IDENTIFIER = private.RickAndMortyUITests;
				PRODUCT_NAME = "$(TARGET_NAME)";
				SWIFT_EMIT_LOC_STRINGS = NO;
				SWIFT_VERSION = 5.0;
				TARGETED_DEVICE_FAMILY = "1,2";
				TEST_TARGET_NAME = RickAndMorty;
			};
			name = Debug;
		};
		AEBE031C2A6592D2008DB71F /* Release */ = {
			isa = XCBuildConfiguration;
			buildSettings = {
				ALWAYS_EMBED_SWIFT_STANDARD_LIBRARIES = YES;
				CODE_SIGN_STYLE = Automatic;
				CURRENT_PROJECT_VERSION = 1;
				DEVELOPMENT_TEAM = Z5V8K8TU6C;
				GENERATE_INFOPLIST_FILE = YES;
				MARKETING_VERSION = 1.0;
				PRODUCT_BUNDLE_IDENTIFIER = private.RickAndMortyUITests;
				PRODUCT_NAME = "$(TARGET_NAME)";
				SWIFT_EMIT_LOC_STRINGS = NO;
				SWIFT_VERSION = 5.0;
				TARGETED_DEVICE_FAMILY = "1,2";
				TEST_TARGET_NAME = RickAndMorty;
			};
			name = Release;
		};
/* End XCBuildConfiguration section */

/* Begin XCConfigurationList section */
		AEBE02E62A6592D1008DB71F /* Build configuration list for PBXProject "RickAndMorty" */ = {
			isa = XCConfigurationList;
			buildConfigurations = (
				AEBE03122A6592D2008DB71F /* Debug */,
				AEBE03132A6592D2008DB71F /* Release */,
			);
			defaultConfigurationIsVisible = 0;
			defaultConfigurationName = Release;
		};
		AEBE03142A6592D2008DB71F /* Build configuration list for PBXNativeTarget "RickAndMorty" */ = {
			isa = XCConfigurationList;
			buildConfigurations = (
				AEBE03152A6592D2008DB71F /* Debug */,
				AEBE03162A6592D2008DB71F /* Release */,
			);
			defaultConfigurationIsVisible = 0;
			defaultConfigurationName = Release;
		};
		AEBE03172A6592D2008DB71F /* Build configuration list for PBXNativeTarget "RickAndMortyTests" */ = {
			isa = XCConfigurationList;
			buildConfigurations = (
				AEBE03182A6592D2008DB71F /* Debug */,
				AEBE03192A6592D2008DB71F /* Release */,
			);
			defaultConfigurationIsVisible = 0;
			defaultConfigurationName = Release;
		};
		AEBE031A2A6592D2008DB71F /* Build configuration list for PBXNativeTarget "RickAndMortyUITests" */ = {
			isa = XCConfigurationList;
			buildConfigurations = (
				AEBE031B2A6592D2008DB71F /* Debug */,
				AEBE031C2A6592D2008DB71F /* Release */,
			);
			defaultConfigurationIsVisible = 0;
			defaultConfigurationName = Release;
		};
/* End XCConfigurationList section */
	};
	rootObject = AEBE02E32A6592D1008DB71F /* Project object */;
}
